PODS:
  - MJExtension (3.0.13)
  - MQTTKit (0.1.0)

DEPENDENCIES:
  - MJExtension (= 3.0.13)
  - MQTTKit

SPEC CHECKSUMS:
  MJExtension: 5932755f451458eefa24239358817f8d291240c7
  MQTTKit: a4e6b8aa92db1aeae917d2b773fd72a7749937c4

PODFILE CHECKSUM: 9997980a33daef0d4e972ca8548d1aaece77f9cf

COCOAPODS: 1.2.1
